
Microsoft Visual Studio Solution File, Format Version 12.00
# Visual Studio Version 16
VisualStudioVersion = 16.0.29806.167
MinimumVisualStudioVersion = 10.0.40219.1
Project("{FAE04EC0-301F-11D3-BF4B-00C04F79EFBC}") = "Homework8", "Homework8.csproj", "{18777ADA-58C6-460F-ABF3-C3FB57498F2D}"
EndProject
Project("{FAE04EC0-301F-11D3-BF4B-00C04F79EFBC}") = "Homework6", "..\Homework6\Homework6.csproj", "{7F1FEA23-2517-4955-AF21-64121B6D4A0A}"
EndProject
Global
	GlobalSection(SolutionConfigurationPlatforms) = preSolution
		Debug|Any CPU = Debug|Any CPU
		Release|Any CPU = Release|Any CPU
	EndGlobalSection
	GlobalSection(ProjectConfigurationPlatforms) = postSolution
		{18777ADA-58C6-460F-ABF3-C3FB57498F2D}.Debug|Any CPU.ActiveCfg = Debug|Any CPU
		{18777ADA-58C6-460F-ABF3-C3FB57498F2D}.Debug|Any CPU.Build.0 = Debug|Any CPU
		{18777ADA-58C6-460F-ABF3-C3FB57498F2D}.Release|Any CPU.ActiveCfg = Release|Any CPU
		{18777ADA-58C6-460F-ABF3-C3FB57498F2D}.Release|Any CPU.Build.0 = Release|Any CPU
		{7F1FEA23-2517-4955-AF21-64121B6D4A0A}.Debug|Any CPU.ActiveCfg = Debug|Any CPU
		{7F1FEA23-2517-4955-AF21-64121B6D4A0A}.Debug|Any CPU.Build.0 = Debug|Any CPU
		{7F1FEA23-2517-4955-AF21-64121B6D4A0A}.Release|Any CPU.ActiveCfg = Release|Any CPU
		{7F1FEA23-2517-4955-AF21-64121B6D4A0A}.Release|Any CPU.Build.0 = Release|Any CPU
	EndGlobalSection
	GlobalSection(SolutionProperties) = preSolution
		HideSolutionNode = FALSE
	EndGlobalSection
	GlobalSection(ExtensibilityGlobals) = postSolution
		SolutionGuid = {FD25213C-9247-4053-9211-03BA3F50DD0D}
	EndGlobalSection
EndGlobal
